<?xml version="1.0" encoding="utf-8"?>
<Project ToolsVersion="4.0" xmlns="http://schemas.microsoft.com/developer/msbuild/2003">
  <ItemGroup>
    <Filter Include="Source Files">
      <UniqueIdentifier>{4FC737F1-C7A5-4376-A066-2A32D752A2FF}</UniqueIdentifier>
      <Extensions>cpp;c;cc;cxx;def;odl;idl;hpj;bat;asm;asmx</Extensions>
    </Filter>
    <Filter Include="Header Files">
      <UniqueIdentifier>{93995380-89BD-4b04-88EB-625FBE52EBFB}</UniqueIdentifier>
      <Extensions>h;hh;hpp;hxx;hm;inl;inc;ipp;xsd</Extensions>
    </Filter>
    <Filter Include="Resource Files">
      <UniqueIdentifier>{67DA6AB6-F800-4c08-8B7A-83BB121AAD01}</UniqueIdentifier>
      <Extensions>rc;ico;cur;bmp;dlg;rc2;rct;bin;rgs;gif;jpg;jpeg;jpe;resx;tiff;tif;png;wav;mfcribbon-ms</Extensions>
    </Filter>
    <Filter Include="Lib">
      <UniqueIdentifier>{89654b10-58c3-4579-aa9c-805de76aa80c}</UniqueIdentifier>
    </Filter>
  </ItemGroup>
  <ItemGroup>
    <ClInclude Include="WinSize3.h">
      <Filter>Header Files</Filter>
    </ClInclude>
    <ClInclude Include="WinSize3Dlg.h">
      <Filter>Header Files</Filter>
    </ClInclude>
    <ClInclude Include="stdafx.h">
      <Filter>Header Files</Filter>
    </ClInclude>
    <ClInclude Include="targetver.h">
      <Filter>Header Files</Filter>
    </ClInclude>
    <ClInclude Include="Resource.h">
      <Filter>Header Files</Filter>
    </ClInclude>
    <ClInclude Include="..\SystemTray.h">
      <Filter>Header Files</Filter>
    </ClInclude>
    <ClInclude Include="..\XML.h">
      <Filter>Header Files</Filter>
    </ClInclude>
    <ClInclude Include="..\mfcHK.h">
      <Filter>Header Files</Filter>
    </ClInclude>
    <ClInclude Include="dlgName.h">
      <Filter>Header Files</Filter>
    </ClInclude>
    <ClInclude Include="..\ThreadControl.h">
      <Filter>Lib</Filter>
    </ClInclude>
  </ItemGroup>
  <ItemGroup>
    <ClCompile Include="WinSize3.cpp">
      <Filter>Source Files</Filter>
    </ClCompile>
    <ClCompile Include="WinSize3Dlg.cpp">
      <Filter>Source Files</Filter>
    </ClCompile>
    <ClCompile Include="stdafx.cpp">
      <Filter>Source Files</Filter>
    </ClCompile>
    <ClCompile Include="..\SystemTray.cpp">
      <Filter>Source Files</Filter>
    </ClCompile>
    <ClCompile Include="..\XML.cpp">
      <Filter>Source Files</Filter>
    </ClCompile>
    <ClCompile Include="..\mfcHK.cpp">
      <Filter>Source Files</Filter>
    </ClCompile>
    <ClCompile Include="dlgName.cpp">
      <Filter>Source Files</Filter>
    </ClCompile>
    <ClCompile Include="..\ThreadControl.cpp">
      <Filter>Lib</Filter>
    </ClCompile>
  </ItemGroup>
  <ItemGroup>
    <ResourceCompile Include="WinSize3.rc">
      <Filter>Resource Files</Filter>
    </ResourceCompile>
  </ItemGroup>
  <ItemGroup>
    <None Include="res\WinSize3.rc2">
      <Filter>Resource Files</Filter>
    </None>
  </ItemGroup>
  <ItemGroup>
    <Image Include="res\WinSize3.ico">
      <Filter>Resource Files</Filter>
    </Image>
  </ItemGroup>
</Project>